
Microsoft Visual Studio Solution File, Format Version 12.00
# Visual Studio Version 16
VisualStudioVersion = 16.0.29709.97
MinimumVisualStudioVersion = 10.0.40219.1
Project("{FAE04EC0-301F-11D3-BF4B-00C04F79EFBC}") = "MOXA_TEST", "MOXA_TEST.csproj", "{AF01395F-CD88-400C-8229-2F9B3A3159CD}"
EndProject
Global
	GlobalSection(SolutionConfigurationPlatforms) = preSolution
		Debug|Any CPU = Debug|Any CPU
		Release|Any CPU = Release|Any CPU
	EndGlobalSection
	GlobalSection(ProjectConfigurationPlatforms) = postSolution
		{AF01395F-CD88-400C-8229-2F9B3A3159CD}.Debug|Any CPU.ActiveCfg = Debug|Any CPU
		{AF01395F-CD88-400C-8229-2F9B3A3159CD}.Debug|Any CPU.Build.0 = Debug|Any CPU
		{AF01395F-CD88-400C-8229-2F9B3A3159CD}.Release|Any CPU.ActiveCfg = Release|Any CPU
		{AF01395F-CD88-400C-8229-2F9B3A3159CD}.Release|Any CPU.Build.0 = Release|Any CPU
	EndGlobalSection
	GlobalSection(SolutionProperties) = preSolution
		HideSolutionNode = FALSE
	EndGlobalSection
	GlobalSection(ExtensibilityGlobals) = postSolution
		SolutionGuid = {4F6B081C-D212-44EC-BE34-556E18EB5DE1}
	EndGlobalSection
EndGlobal
